
Microsoft Visual Studio Solution File, Format Version 10.00
# Visual Studio 2008
Project("{FAE04EC0-301F-11D3-BF4B-00C04F79EFBC}") = "SchoolPrint", "SchoolPrint\SchoolPrint.csproj", "{BBD01BA5-D38B-4D26-B48C-D59963B99615}"
	ProjectSection(ProjectDependencies) = postProject
		{5FBC984E-58BE-42C7-AE30-6AFF12E1BFEB} = {5FBC984E-58BE-42C7-AE30-6AFF12E1BFEB}
	EndProjectSection
EndProject
Project("{FAE04EC0-301F-11D3-BF4B-00C04F79EFBC}") = "DALService", "DALService\DALService.csproj", "{5FBC984E-58BE-42C7-AE30-6AFF12E1BFEB}"
EndProject
Project("{FAE04EC0-301F-11D3-BF4B-00C04F79EFBC}") = "superuser", "superuser\superuser.csproj", "{13AD1AD3-1039-45E1-A933-A961DEE2FE32}"
EndProject
Project("{FAE04EC0-301F-11D3-BF4B-00C04F79EFBC}") = "SchoolPrintDomin", "SchoolPrintDomin\SchoolPrintDomin.csproj", "{71AA8C0B-CE30-4012-840D-2799F024388E}"
EndProject
Project("{54435603-DBB4-11D2-8724-00A0C9A8B90C}") = "SchoolPrintSetup", "SchoolPrintSetup\SchoolPrintSetup.vdproj", "{37D5EFD1-DC10-400E-BB55-84D8ABF753D3}"
EndProject
Project("{FAE04EC0-301F-11D3-BF4B-00C04F79EFBC}") = "everydaycheck", "everydaycheck\everydaycheck.csproj", "{C68444C7-E59E-4E55-9D67-F6646B016027}"
EndProject
Global
	GlobalSection(SolutionConfigurationPlatforms) = preSolution
		Debug|Any CPU = Debug|Any CPU
		Release|Any CPU = Release|Any CPU
	EndGlobalSection
	GlobalSection(ProjectConfigurationPlatforms) = postSolution
		{BBD01BA5-D38B-4D26-B48C-D59963B99615}.Debug|Any CPU.ActiveCfg = Debug|Any CPU
		{BBD01BA5-D38B-4D26-B48C-D59963B99615}.Debug|Any CPU.Build.0 = Debug|Any CPU
		{BBD01BA5-D38B-4D26-B48C-D59963B99615}.Release|Any CPU.ActiveCfg = Release|Any CPU
		{BBD01BA5-D38B-4D26-B48C-D59963B99615}.Release|Any CPU.Build.0 = Release|Any CPU
		{5FBC984E-58BE-42C7-AE30-6AFF12E1BFEB}.Debug|Any CPU.ActiveCfg = Debug|Any CPU
		{5FBC984E-58BE-42C7-AE30-6AFF12E1BFEB}.Debug|Any CPU.Build.0 = Debug|Any CPU
		{5FBC984E-58BE-42C7-AE30-6AFF12E1BFEB}.Release|Any CPU.ActiveCfg = Release|Any CPU
		{5FBC984E-58BE-42C7-AE30-6AFF12E1BFEB}.Release|Any CPU.Build.0 = Release|Any CPU
		{13AD1AD3-1039-45E1-A933-A961DEE2FE32}.Debug|Any CPU.ActiveCfg = Debug|Any CPU
		{13AD1AD3-1039-45E1-A933-A961DEE2FE32}.Debug|Any CPU.Build.0 = Debug|Any CPU
		{13AD1AD3-1039-45E1-A933-A961DEE2FE32}.Release|Any CPU.ActiveCfg = Release|Any CPU
		{13AD1AD3-1039-45E1-A933-A961DEE2FE32}.Release|Any CPU.Build.0 = Release|Any CPU
		{71AA8C0B-CE30-4012-840D-2799F024388E}.Debug|Any CPU.ActiveCfg = Debug|Any CPU
		{71AA8C0B-CE30-4012-840D-2799F024388E}.Debug|Any CPU.Build.0 = Debug|Any CPU
		{71AA8C0B-CE30-4012-840D-2799F024388E}.Release|Any CPU.ActiveCfg = Release|Any CPU
		{71AA8C0B-CE30-4012-840D-2799F024388E}.Release|Any CPU.Build.0 = Release|Any CPU
		{37D5EFD1-DC10-400E-BB55-84D8ABF753D3}.Debug|Any CPU.ActiveCfg = Debug
		{37D5EFD1-DC10-400E-BB55-84D8ABF753D3}.Release|Any CPU.ActiveCfg = Release
		{C68444C7-E59E-4E55-9D67-F6646B016027}.Debug|Any CPU.ActiveCfg = Debug|Any CPU
		{C68444C7-E59E-4E55-9D67-F6646B016027}.Debug|Any CPU.Build.0 = Debug|Any CPU
		{C68444C7-E59E-4E55-9D67-F6646B016027}.Release|Any CPU.ActiveCfg = Release|Any CPU
		{C68444C7-E59E-4E55-9D67-F6646B016027}.Release|Any CPU.Build.0 = Release|Any CPU
	EndGlobalSection
	GlobalSection(SolutionProperties) = preSolution
		HideSolutionNode = FALSE
	EndGlobalSection
EndGlobal
